
Microsoft Visual Studio Solution File, Format Version 10.00
# Visual Studio 2008
Project("{E24C65DC-7377-472B-9ABA-BC803B73C61A}") = "ArquivoMedico", ".", "{F81DAD39-2342-4D9D-88E0-D6704C416C02}"
	ProjectSection(WebsiteProperties) = preProject
		TargetFramework = "3.5"
		Debug.AspNetCompiler.VirtualPath = "/ArquivoMedico"
		Debug.AspNetCompiler.PhysicalPath = "..\ArquivoMedico\"
		Debug.AspNetCompiler.TargetPath = "PrecompiledWeb\ArquivoMedico\"
		Debug.AspNetCompiler.Updateable = "true"
		Debug.AspNetCompiler.ForceOverwrite = "true"
		Debug.AspNetCompiler.FixedNames = "false"
		Debug.AspNetCompiler.Debug = "True"
		Release.AspNetCompiler.VirtualPath = "/ArquivoMedico"
		Release.AspNetCompiler.PhysicalPath = "..\ArquivoMedico\"
		Release.AspNetCompiler.TargetPath = "PrecompiledWeb\ArquivoMedico\"
		Release.AspNetCompiler.Updateable = "true"
		Release.AspNetCompiler.ForceOverwrite = "true"
		Release.AspNetCompiler.FixedNames = "false"
		Release.AspNetCompiler.Debug = "False"
		VWDPort = "1753"
	EndProjectSection
EndProject
Global
	GlobalSection(SolutionConfigurationPlatforms) = preSolution
		Debug|Any CPU = Debug|Any CPU
	EndGlobalSection
	GlobalSection(ProjectConfigurationPlatforms) = postSolution
		{F81DAD39-2342-4D9D-88E0-D6704C416C02}.Debug|Any CPU.ActiveCfg = Debug|Any CPU
		{F81DAD39-2342-4D9D-88E0-D6704C416C02}.Debug|Any CPU.Build.0 = Debug|Any CPU
	EndGlobalSection
	GlobalSection(SolutionProperties) = preSolution
		HideSolutionNode = FALSE
	EndGlobalSection
EndGlobal
